
Microsoft Visual Studio Solution File, Format Version 12.00
# Visual Studio 15
VisualStudioVersion = 15.0.28307.329
MinimumVisualStudioVersion = 10.0.40219.1
Project("{FAE04EC0-301F-11D3-BF4B-00C04F79EFBC}") = "EzSembler", "EzSembler\EzSembler.csproj", "{A65D3EE9-92C9-4D04-B639-595E7B517F2F}"
EndProject
Project("{FAE04EC0-301F-11D3-BF4B-00C04F79EFBC}") = "SoulsFormats", "..\SoulsFormats\SoulsFormats\SoulsFormats.csproj", "{22C664BD-877B-44DF-8ECF-2808522469A8}"
EndProject
Global
	GlobalSection(SolutionConfigurationPlatforms) = preSolution
		Debug|Any CPU = Debug|Any CPU
		Debug|x64 = Debug|x64
		Release|Any CPU = Release|Any CPU
		Release|x64 = Release|x64
	EndGlobalSection
	GlobalSection(ProjectConfigurationPlatforms) = postSolution
		{A65D3EE9-92C9-4D04-B639-595E7B517F2F}.Debug|Any CPU.ActiveCfg = Debug|Any CPU
		{A65D3EE9-92C9-4D04-B639-595E7B517F2F}.Debug|Any CPU.Build.0 = Debug|Any CPU
		{A65D3EE9-92C9-4D04-B639-595E7B517F2F}.Debug|x64.ActiveCfg = Debug|Any CPU
		{A65D3EE9-92C9-4D04-B639-595E7B517F2F}.Debug|x64.Build.0 = Debug|Any CPU
		{A65D3EE9-92C9-4D04-B639-595E7B517F2F}.Release|Any CPU.ActiveCfg = Release|Any CPU
		{A65D3EE9-92C9-4D04-B639-595E7B517F2F}.Release|Any CPU.Build.0 = Release|Any CPU
		{A65D3EE9-92C9-4D04-B639-595E7B517F2F}.Release|x64.ActiveCfg = Release|Any CPU
		{A65D3EE9-92C9-4D04-B639-595E7B517F2F}.Release|x64.Build.0 = Release|Any CPU
		{22C664BD-877B-44DF-8ECF-2808522469A8}.Debug|Any CPU.ActiveCfg = Debug|Any CPU
		{22C664BD-877B-44DF-8ECF-2808522469A8}.Debug|Any CPU.Build.0 = Debug|Any CPU
		{22C664BD-877B-44DF-8ECF-2808522469A8}.Debug|x64.ActiveCfg = Debug|x64
		{22C664BD-877B-44DF-8ECF-2808522469A8}.Debug|x64.Build.0 = Debug|x64
		{22C664BD-877B-44DF-8ECF-2808522469A8}.Release|Any CPU.ActiveCfg = Release|Any CPU
		{22C664BD-877B-44DF-8ECF-2808522469A8}.Release|Any CPU.Build.0 = Release|Any CPU
		{22C664BD-877B-44DF-8ECF-2808522469A8}.Release|x64.ActiveCfg = Release|x64
		{22C664BD-877B-44DF-8ECF-2808522469A8}.Release|x64.Build.0 = Release|x64
	EndGlobalSection
	GlobalSection(SolutionProperties) = preSolution
		HideSolutionNode = FALSE
	EndGlobalSection
	GlobalSection(ExtensibilityGlobals) = postSolution
		SolutionGuid = {028FF3AF-D551-4C29-BD32-DB4DBDB7B697}
	EndGlobalSection
EndGlobal
